
Microsoft Visual Studio Solution File, Format Version 12.00
# Visual Studio 14
VisualStudioVersion = 14.0.25420.1
MinimumVisualStudioVersion = 10.0.40219.1
Project("{FAE04EC0-301F-11D3-BF4B-00C04F79EFBC}") = "iVoIP_Phone", "iVoIP_Phone\iVoIP_Phone.csproj", "{0F823761-08D9-4B82-885F-8EC14392FFFF}"
EndProject
Project("{FAE04EC0-301F-11D3-BF4B-00C04F79EFBC}") = "CustomControlLibrary", "..\CustomControlLibrary\CustomControlLibrary.csproj", "{46791E2A-5B16-48A1-9517-35BF1E9939F1}"
EndProject
Project("{54435603-DBB4-11D2-8724-00A0C9A8B90C}") = "Installer", "Installer\Installer.vdproj", "{838AB0B2-5884-4006-BC4D-938C02F5CAB1}"
EndProject
Global
	GlobalSection(SolutionConfigurationPlatforms) = preSolution
		Debug|Any CPU = Debug|Any CPU
		Debug|Mixed Platforms = Debug|Mixed Platforms
		Debug|x64 = Debug|x64
		Debug|x86 = Debug|x86
		Release|Any CPU = Release|Any CPU
		Release|Mixed Platforms = Release|Mixed Platforms
		Release|x64 = Release|x64
		Release|x86 = Release|x86
	EndGlobalSection
	GlobalSection(ProjectConfigurationPlatforms) = postSolution
		{0F823761-08D9-4B82-885F-8EC14392FFFF}.Debug|Any CPU.ActiveCfg = Debug|x86
		{0F823761-08D9-4B82-885F-8EC14392FFFF}.Debug|Mixed Platforms.ActiveCfg = Debug|x86
		{0F823761-08D9-4B82-885F-8EC14392FFFF}.Debug|Mixed Platforms.Build.0 = Debug|x86
		{0F823761-08D9-4B82-885F-8EC14392FFFF}.Debug|x64.ActiveCfg = Debug|x64
		{0F823761-08D9-4B82-885F-8EC14392FFFF}.Debug|x64.Build.0 = Debug|x64
		{0F823761-08D9-4B82-885F-8EC14392FFFF}.Debug|x86.ActiveCfg = Debug|x86
		{0F823761-08D9-4B82-885F-8EC14392FFFF}.Debug|x86.Build.0 = Debug|x86
		{0F823761-08D9-4B82-885F-8EC14392FFFF}.Release|Any CPU.ActiveCfg = Release|x86
		{0F823761-08D9-4B82-885F-8EC14392FFFF}.Release|Any CPU.Build.0 = Release|x86
		{0F823761-08D9-4B82-885F-8EC14392FFFF}.Release|Mixed Platforms.ActiveCfg = Release|x86
		{0F823761-08D9-4B82-885F-8EC14392FFFF}.Release|Mixed Platforms.Build.0 = Release|x86
		{0F823761-08D9-4B82-885F-8EC14392FFFF}.Release|x64.ActiveCfg = Release|x64
		{0F823761-08D9-4B82-885F-8EC14392FFFF}.Release|x64.Build.0 = Release|x64
		{0F823761-08D9-4B82-885F-8EC14392FFFF}.Release|x86.ActiveCfg = Release|x86
		{0F823761-08D9-4B82-885F-8EC14392FFFF}.Release|x86.Build.0 = Release|x86
		{46791E2A-5B16-48A1-9517-35BF1E9939F1}.Debug|Any CPU.ActiveCfg = Debug|Any CPU
		{46791E2A-5B16-48A1-9517-35BF1E9939F1}.Debug|Any CPU.Build.0 = Debug|Any CPU
		{46791E2A-5B16-48A1-9517-35BF1E9939F1}.Debug|Mixed Platforms.ActiveCfg = Debug|Any CPU
		{46791E2A-5B16-48A1-9517-35BF1E9939F1}.Debug|Mixed Platforms.Build.0 = Debug|Any CPU
		{46791E2A-5B16-48A1-9517-35BF1E9939F1}.Debug|x64.ActiveCfg = Debug|Any CPU
		{46791E2A-5B16-48A1-9517-35BF1E9939F1}.Debug|x64.Build.0 = Debug|Any CPU
		{46791E2A-5B16-48A1-9517-35BF1E9939F1}.Debug|x86.ActiveCfg = Debug|Any CPU
		{46791E2A-5B16-48A1-9517-35BF1E9939F1}.Debug|x86.Build.0 = Debug|Any CPU
		{46791E2A-5B16-48A1-9517-35BF1E9939F1}.Release|Any CPU.ActiveCfg = Release|Any CPU
		{46791E2A-5B16-48A1-9517-35BF1E9939F1}.Release|Mixed Platforms.ActiveCfg = Release|Any CPU
		{46791E2A-5B16-48A1-9517-35BF1E9939F1}.Release|Mixed Platforms.Build.0 = Release|Any CPU
		{46791E2A-5B16-48A1-9517-35BF1E9939F1}.Release|x64.ActiveCfg = Release|Any CPU
		{46791E2A-5B16-48A1-9517-35BF1E9939F1}.Release|x64.Build.0 = Release|Any CPU
		{46791E2A-5B16-48A1-9517-35BF1E9939F1}.Release|x86.ActiveCfg = Release|Any CPU
		{46791E2A-5B16-48A1-9517-35BF1E9939F1}.Release|x86.Build.0 = Release|Any CPU
		{838AB0B2-5884-4006-BC4D-938C02F5CAB1}.Debug|Any CPU.ActiveCfg = Debug
		{838AB0B2-5884-4006-BC4D-938C02F5CAB1}.Debug|Mixed Platforms.ActiveCfg = Debug
		{838AB0B2-5884-4006-BC4D-938C02F5CAB1}.Debug|x64.ActiveCfg = Debug
		{838AB0B2-5884-4006-BC4D-938C02F5CAB1}.Debug|x86.ActiveCfg = Debug
		{838AB0B2-5884-4006-BC4D-938C02F5CAB1}.Release|Any CPU.ActiveCfg = Release
		{838AB0B2-5884-4006-BC4D-938C02F5CAB1}.Release|Mixed Platforms.ActiveCfg = Release
		{838AB0B2-5884-4006-BC4D-938C02F5CAB1}.Release|x64.ActiveCfg = Release
		{838AB0B2-5884-4006-BC4D-938C02F5CAB1}.Release|x86.ActiveCfg = Release
	EndGlobalSection
	GlobalSection(SolutionProperties) = preSolution
		HideSolutionNode = FALSE
	EndGlobalSection
EndGlobal
